
Microsoft Visual Studio Solution File, Format Version 12.00
# Visual Studio Version 16
VisualStudioVersion = 16.0.30204.135
MinimumVisualStudioVersion = 10.0.40219.1
Project("{9A19103F-16F7-4668-BE54-9A1E7A4F7556}") = "CustomDeliveryNoteDemo", "CustomDeliveryNoteDemo\CustomDeliveryNoteDemo.csproj", "{B7D5DEBD-A7B5-4EF2-B3B1-DCCDD9D81A4A}"
EndProject
Project("{9A19103F-16F7-4668-BE54-9A1E7A4F7556}") = "Model", "Model\Model.csproj", "{09912404-73BD-4604-A204-E007881B1117}"
EndProject
Project("{9A19103F-16F7-4668-BE54-9A1E7A4F7556}") = "ViewModel", "ViewModel\ViewModel.csproj", "{EE1906CD-842C-485D-A36D-CD1075ECA1B9}"
EndProject
Project("{FAE04EC0-301F-11D3-BF4B-00C04F79EFBC}") = "ModelTest", "ModelTest\ModelTest.csproj", "{E94DD3B6-C803-4057-941F-C36AF327ADA5}"
EndProject
Global
	GlobalSection(SolutionConfigurationPlatforms) = preSolution
		Debug|Any CPU = Debug|Any CPU
		Release|Any CPU = Release|Any CPU
	EndGlobalSection
	GlobalSection(ProjectConfigurationPlatforms) = postSolution
		{B7D5DEBD-A7B5-4EF2-B3B1-DCCDD9D81A4A}.Debug|Any CPU.ActiveCfg = Debug|Any CPU
		{B7D5DEBD-A7B5-4EF2-B3B1-DCCDD9D81A4A}.Debug|Any CPU.Build.0 = Debug|Any CPU
		{B7D5DEBD-A7B5-4EF2-B3B1-DCCDD9D81A4A}.Release|Any CPU.ActiveCfg = Release|Any CPU
		{B7D5DEBD-A7B5-4EF2-B3B1-DCCDD9D81A4A}.Release|Any CPU.Build.0 = Release|Any CPU
		{09912404-73BD-4604-A204-E007881B1117}.Debug|Any CPU.ActiveCfg = Debug|Any CPU
		{09912404-73BD-4604-A204-E007881B1117}.Debug|Any CPU.Build.0 = Debug|Any CPU
		{09912404-73BD-4604-A204-E007881B1117}.Release|Any CPU.ActiveCfg = Release|Any CPU
		{09912404-73BD-4604-A204-E007881B1117}.Release|Any CPU.Build.0 = Release|Any CPU
		{EE1906CD-842C-485D-A36D-CD1075ECA1B9}.Debug|Any CPU.ActiveCfg = Debug|Any CPU
		{EE1906CD-842C-485D-A36D-CD1075ECA1B9}.Debug|Any CPU.Build.0 = Debug|Any CPU
		{EE1906CD-842C-485D-A36D-CD1075ECA1B9}.Release|Any CPU.ActiveCfg = Release|Any CPU
		{EE1906CD-842C-485D-A36D-CD1075ECA1B9}.Release|Any CPU.Build.0 = Release|Any CPU
		{E94DD3B6-C803-4057-941F-C36AF327ADA5}.Debug|Any CPU.ActiveCfg = Debug|Any CPU
		{E94DD3B6-C803-4057-941F-C36AF327ADA5}.Debug|Any CPU.Build.0 = Debug|Any CPU
		{E94DD3B6-C803-4057-941F-C36AF327ADA5}.Release|Any CPU.ActiveCfg = Release|Any CPU
		{E94DD3B6-C803-4057-941F-C36AF327ADA5}.Release|Any CPU.Build.0 = Release|Any CPU
	EndGlobalSection
	GlobalSection(SolutionProperties) = preSolution
		HideSolutionNode = FALSE
	EndGlobalSection
	GlobalSection(ExtensibilityGlobals) = postSolution
		SolutionGuid = {6463785F-90AC-480A-8438-95D7033320CB}
	EndGlobalSection
EndGlobal
